
Microsoft Visual Studio Solution File, Format Version 12.00
# Visual Studio Version 16
VisualStudioVersion = 16.0.31624.102
MinimumVisualStudioVersion = 10.0.40219.1
Project("{FAE04EC0-301F-11D3-BF4B-00C04F79EFBC}") = "Minotaur's lair", "Minotaur's lair.csproj", "{2135412B-4CEC-4C50-B764-46F70761C699}"
EndProject
Global
	GlobalSection(SolutionConfigurationPlatforms) = preSolution
		Debug|Any CPU = Debug|Any CPU
		Release|Any CPU = Release|Any CPU
	EndGlobalSection
	GlobalSection(ProjectConfigurationPlatforms) = postSolution
		{2135412B-4CEC-4C50-B764-46F70761C699}.Debug|Any CPU.ActiveCfg = Debug|Any CPU
		{2135412B-4CEC-4C50-B764-46F70761C699}.Debug|Any CPU.Build.0 = Debug|Any CPU
		{2135412B-4CEC-4C50-B764-46F70761C699}.Release|Any CPU.ActiveCfg = Release|Any CPU
		{2135412B-4CEC-4C50-B764-46F70761C699}.Release|Any CPU.Build.0 = Release|Any CPU
	EndGlobalSection
	GlobalSection(SolutionProperties) = preSolution
		HideSolutionNode = FALSE
	EndGlobalSection
	GlobalSection(ExtensibilityGlobals) = postSolution
		SolutionGuid = {FD6F1332-2540-44D9-88AC-52B87E70A2AA}
	EndGlobalSection
EndGlobal
