
Microsoft Visual Studio Solution File, Format Version 12.00
# Visual Studio Version 16
VisualStudioVersion = 16.0.31624.102
MinimumVisualStudioVersion = 10.0.40219.1
Project("{FAE04EC0-301F-11D3-BF4B-00C04F79EFBC}") = "Ace of", "Ace of.csproj", "{5673E083-88C1-4FD6-BB63-0D4B426F98D4}"
EndProject
Global
	GlobalSection(SolutionConfigurationPlatforms) = preSolution
		Debug|Any CPU = Debug|Any CPU
		Release|Any CPU = Release|Any CPU
	EndGlobalSection
	GlobalSection(ProjectConfigurationPlatforms) = postSolution
		{5673E083-88C1-4FD6-BB63-0D4B426F98D4}.Debug|Any CPU.ActiveCfg = Debug|Any CPU
		{5673E083-88C1-4FD6-BB63-0D4B426F98D4}.Debug|Any CPU.Build.0 = Debug|Any CPU
		{5673E083-88C1-4FD6-BB63-0D4B426F98D4}.Release|Any CPU.ActiveCfg = Release|Any CPU
		{5673E083-88C1-4FD6-BB63-0D4B426F98D4}.Release|Any CPU.Build.0 = Release|Any CPU
	EndGlobalSection
	GlobalSection(SolutionProperties) = preSolution
		HideSolutionNode = FALSE
	EndGlobalSection
	GlobalSection(ExtensibilityGlobals) = postSolution
		SolutionGuid = {5FDBFC87-0024-49D4-9D74-F37A2C6AC906}
	EndGlobalSection
EndGlobal
