
Microsoft Visual Studio Solution File, Format Version 12.00
# Visual Studio Version 16
VisualStudioVersion = 16.0.31624.102
MinimumVisualStudioVersion = 10.0.40219.1
Project("{FAE04EC0-301F-11D3-BF4B-00C04F79EFBC}") = "Travel the world map", "Travel the world map.csproj", "{F2FA7025-4703-471A-B24A-845823824056}"
EndProject
Global
	GlobalSection(SolutionConfigurationPlatforms) = preSolution
		Debug|Any CPU = Debug|Any CPU
		Release|Any CPU = Release|Any CPU
	EndGlobalSection
	GlobalSection(ProjectConfigurationPlatforms) = postSolution
		{F2FA7025-4703-471A-B24A-845823824056}.Debug|Any CPU.ActiveCfg = Debug|Any CPU
		{F2FA7025-4703-471A-B24A-845823824056}.Debug|Any CPU.Build.0 = Debug|Any CPU
		{F2FA7025-4703-471A-B24A-845823824056}.Release|Any CPU.ActiveCfg = Release|Any CPU
		{F2FA7025-4703-471A-B24A-845823824056}.Release|Any CPU.Build.0 = Release|Any CPU
	EndGlobalSection
	GlobalSection(SolutionProperties) = preSolution
		HideSolutionNode = FALSE
	EndGlobalSection
	GlobalSection(ExtensibilityGlobals) = postSolution
		SolutionGuid = {8FE4E577-7FB9-4BD7-8784-F9190BE35A5D}
	EndGlobalSection
EndGlobal
