
Microsoft Visual Studio Solution File, Format Version 12.00
# Visual Studio Version 16
VisualStudioVersion = 16.0.31624.102
MinimumVisualStudioVersion = 10.0.40219.1
Project("{FAE04EC0-301F-11D3-BF4B-00C04F79EFBC}") = "Tank Boss", "Tank Boss.csproj", "{EF88EFBC-D2E5-437B-BC06-EB2B7B9B4E4B}"
EndProject
Global
	GlobalSection(SolutionConfigurationPlatforms) = preSolution
		Debug|Any CPU = Debug|Any CPU
		Release|Any CPU = Release|Any CPU
	EndGlobalSection
	GlobalSection(ProjectConfigurationPlatforms) = postSolution
		{EF88EFBC-D2E5-437B-BC06-EB2B7B9B4E4B}.Debug|Any CPU.ActiveCfg = Debug|Any CPU
		{EF88EFBC-D2E5-437B-BC06-EB2B7B9B4E4B}.Debug|Any CPU.Build.0 = Debug|Any CPU
		{EF88EFBC-D2E5-437B-BC06-EB2B7B9B4E4B}.Release|Any CPU.ActiveCfg = Release|Any CPU
		{EF88EFBC-D2E5-437B-BC06-EB2B7B9B4E4B}.Release|Any CPU.Build.0 = Release|Any CPU
	EndGlobalSection
	GlobalSection(SolutionProperties) = preSolution
		HideSolutionNode = FALSE
	EndGlobalSection
	GlobalSection(ExtensibilityGlobals) = postSolution
		SolutionGuid = {1DB93CB6-9664-4062-9C1B-EE3A0D468B46}
	EndGlobalSection
EndGlobal
