
Microsoft Visual Studio Solution File, Format Version 12.00
# Visual Studio Version 16
VisualStudioVersion = 16.0.31624.102
MinimumVisualStudioVersion = 10.0.40219.1
Project("{FAE04EC0-301F-11D3-BF4B-00C04F79EFBC}") = "Detect Kickstarter backers", "Detect Kickstarter backers.csproj", "{916B73C1-E6F6-425B-8728-6D9101B4A24B}"
EndProject
Global
	GlobalSection(SolutionConfigurationPlatforms) = preSolution
		Debug|Any CPU = Debug|Any CPU
		Release|Any CPU = Release|Any CPU
	EndGlobalSection
	GlobalSection(ProjectConfigurationPlatforms) = postSolution
		{916B73C1-E6F6-425B-8728-6D9101B4A24B}.Debug|Any CPU.ActiveCfg = Debug|Any CPU
		{916B73C1-E6F6-425B-8728-6D9101B4A24B}.Debug|Any CPU.Build.0 = Debug|Any CPU
		{916B73C1-E6F6-425B-8728-6D9101B4A24B}.Release|Any CPU.ActiveCfg = Release|Any CPU
		{916B73C1-E6F6-425B-8728-6D9101B4A24B}.Release|Any CPU.Build.0 = Release|Any CPU
	EndGlobalSection
	GlobalSection(SolutionProperties) = preSolution
		HideSolutionNode = FALSE
	EndGlobalSection
	GlobalSection(ExtensibilityGlobals) = postSolution
		SolutionGuid = {526AA790-5A3A-44A3-B539-EA5F971696EB}
	EndGlobalSection
EndGlobal
