
Microsoft Visual Studio Solution File, Format Version 12.00
# Visual Studio Version 16
VisualStudioVersion = 16.0.31624.102
MinimumVisualStudioVersion = 10.0.40219.1
Project("{FAE04EC0-301F-11D3-BF4B-00C04F79EFBC}") = "Olympic games quiz", "Olympic games quiz.csproj", "{C6AC26B7-D158-4441-90AE-CFFE0F2237A3}"
EndProject
Global
	GlobalSection(SolutionConfigurationPlatforms) = preSolution
		Debug|Any CPU = Debug|Any CPU
		Release|Any CPU = Release|Any CPU
	EndGlobalSection
	GlobalSection(ProjectConfigurationPlatforms) = postSolution
		{C6AC26B7-D158-4441-90AE-CFFE0F2237A3}.Debug|Any CPU.ActiveCfg = Debug|Any CPU
		{C6AC26B7-D158-4441-90AE-CFFE0F2237A3}.Debug|Any CPU.Build.0 = Debug|Any CPU
		{C6AC26B7-D158-4441-90AE-CFFE0F2237A3}.Release|Any CPU.ActiveCfg = Release|Any CPU
		{C6AC26B7-D158-4441-90AE-CFFE0F2237A3}.Release|Any CPU.Build.0 = Release|Any CPU
	EndGlobalSection
	GlobalSection(SolutionProperties) = preSolution
		HideSolutionNode = FALSE
	EndGlobalSection
	GlobalSection(ExtensibilityGlobals) = postSolution
		SolutionGuid = {1F7528DA-E5FF-43BB-8785-B1FA24C0C453}
	EndGlobalSection
EndGlobal
